
Microsoft Visual Studio Solution File, Format Version 12.00
# Visual Studio 15
VisualStudioVersion = 15.0.27130.2036
MinimumVisualStudioVersion = 10.0.40219.1
Project("{FAE04EC0-301F-11D3-BF4B-00C04F79EFBC}") = "WebApplication", "WebApplication\WebApplication.csproj", "{46BFDD59-B9E7-40B6-AFDC-02FECFEBD13F}"
EndProject
Global
	GlobalSection(SolutionConfigurationPlatforms) = preSolution
		Debug|Any CPU = Debug|Any CPU
		Release|Any CPU = Release|Any CPU
	EndGlobalSection
	GlobalSection(ProjectConfigurationPlatforms) = postSolution
		{46BFDD59-B9E7-40B6-AFDC-02FECFEBD13F}.Debug|Any CPU.ActiveCfg = Debug|Any CPU
		{46BFDD59-B9E7-40B6-AFDC-02FECFEBD13F}.Debug|Any CPU.Build.0 = Debug|Any CPU
		{46BFDD59-B9E7-40B6-AFDC-02FECFEBD13F}.Release|Any CPU.ActiveCfg = Release|Any CPU
		{46BFDD59-B9E7-40B6-AFDC-02FECFEBD13F}.Release|Any CPU.Build.0 = Release|Any CPU
	EndGlobalSection
	GlobalSection(SolutionProperties) = preSolution
		HideSolutionNode = FALSE
	EndGlobalSection
	GlobalSection(ExtensibilityGlobals) = postSolution
		SolutionGuid = {62B8FEEA-DEB0-43A1-99F9-8B7FF1C36BC3}
	EndGlobalSection
EndGlobal
